
Microsoft Visual Studio Solution File, Format Version 12.00
# Visual Studio 2013
VisualStudioVersion = 12.0.31101.0
MinimumVisualStudioVersion = 10.0.40219.1
Project("{FAE04EC0-301F-11D3-BF4B-00C04F79EFBC}") = "Module1", "DEV204X\Module1.csproj", "{77773B23-CD6D-4E7F-B72E-863CD6200812}"
EndProject
Project("{FAE04EC0-301F-11D3-BF4B-00C04F79EFBC}") = "Tests", "Tests\Tests.csproj", "{028D28E7-A639-458B-83CE-E99B55EC914F}"
EndProject
Project("{FAE04EC0-301F-11D3-BF4B-00C04F79EFBC}") = "Module2", "Module2\Module2.csproj", "{8A5EB1E1-9619-48CD-9080-1CD94968EAC3}"
EndProject
Project("{FAE04EC0-301F-11D3-BF4B-00C04F79EFBC}") = "Module4", "Module4\Module4.csproj", "{418305A0-E91F-4D6E-8402-B025CFDB5E3C}"
EndProject
Project("{FAE04EC0-301F-11D3-BF4B-00C04F79EFBC}") = "Module3", "Module3\Module3.csproj", "{E9C8739C-CF52-4BD1-8D0E-921B095BC62F}"
EndProject
Project("{FAE04EC0-301F-11D3-BF4B-00C04F79EFBC}") = "Module5", "Module5\Module5.csproj", "{50FB6E76-9092-468C-8800-FC2EBA2B6D55}"
EndProject
Project("{FAE04EC0-301F-11D3-BF4B-00C04F79EFBC}") = "Module6", "Module6\Module6.csproj", "{797AB334-F95C-482F-A3A4-F0D3EA8F127C}"
EndProject
Project("{FAE04EC0-301F-11D3-BF4B-00C04F79EFBC}") = "Module7", "Module7\Module7.csproj", "{296C2537-07EA-4898-AF70-72C1D9A95700}"
EndProject
Project("{FAE04EC0-301F-11D3-BF4B-00C04F79EFBC}") = "Module8", "Module8\Module8.csproj", "{25725F4F-E275-4DDF-A0F0-49E37396314A}"
EndProject
Global
	GlobalSection(SolutionConfigurationPlatforms) = preSolution
		Debug|Any CPU = Debug|Any CPU
		Release|Any CPU = Release|Any CPU
	EndGlobalSection
	GlobalSection(ProjectConfigurationPlatforms) = postSolution
		{77773B23-CD6D-4E7F-B72E-863CD6200812}.Debug|Any CPU.ActiveCfg = Debug|Any CPU
		{77773B23-CD6D-4E7F-B72E-863CD6200812}.Debug|Any CPU.Build.0 = Debug|Any CPU
		{77773B23-CD6D-4E7F-B72E-863CD6200812}.Release|Any CPU.ActiveCfg = Release|Any CPU
		{77773B23-CD6D-4E7F-B72E-863CD6200812}.Release|Any CPU.Build.0 = Release|Any CPU
		{028D28E7-A639-458B-83CE-E99B55EC914F}.Debug|Any CPU.ActiveCfg = Debug|Any CPU
		{028D28E7-A639-458B-83CE-E99B55EC914F}.Debug|Any CPU.Build.0 = Debug|Any CPU
		{028D28E7-A639-458B-83CE-E99B55EC914F}.Release|Any CPU.ActiveCfg = Release|Any CPU
		{028D28E7-A639-458B-83CE-E99B55EC914F}.Release|Any CPU.Build.0 = Release|Any CPU
		{8A5EB1E1-9619-48CD-9080-1CD94968EAC3}.Debug|Any CPU.ActiveCfg = Debug|Any CPU
		{8A5EB1E1-9619-48CD-9080-1CD94968EAC3}.Debug|Any CPU.Build.0 = Debug|Any CPU
		{8A5EB1E1-9619-48CD-9080-1CD94968EAC3}.Release|Any CPU.ActiveCfg = Release|Any CPU
		{8A5EB1E1-9619-48CD-9080-1CD94968EAC3}.Release|Any CPU.Build.0 = Release|Any CPU
		{418305A0-E91F-4D6E-8402-B025CFDB5E3C}.Debug|Any CPU.ActiveCfg = Debug|Any CPU
		{418305A0-E91F-4D6E-8402-B025CFDB5E3C}.Debug|Any CPU.Build.0 = Debug|Any CPU
		{418305A0-E91F-4D6E-8402-B025CFDB5E3C}.Release|Any CPU.ActiveCfg = Release|Any CPU
		{418305A0-E91F-4D6E-8402-B025CFDB5E3C}.Release|Any CPU.Build.0 = Release|Any CPU
		{E9C8739C-CF52-4BD1-8D0E-921B095BC62F}.Debug|Any CPU.ActiveCfg = Debug|Any CPU
		{E9C8739C-CF52-4BD1-8D0E-921B095BC62F}.Debug|Any CPU.Build.0 = Debug|Any CPU
		{E9C8739C-CF52-4BD1-8D0E-921B095BC62F}.Release|Any CPU.ActiveCfg = Release|Any CPU
		{E9C8739C-CF52-4BD1-8D0E-921B095BC62F}.Release|Any CPU.Build.0 = Release|Any CPU
		{50FB6E76-9092-468C-8800-FC2EBA2B6D55}.Debug|Any CPU.ActiveCfg = Debug|Any CPU
		{50FB6E76-9092-468C-8800-FC2EBA2B6D55}.Debug|Any CPU.Build.0 = Debug|Any CPU
		{50FB6E76-9092-468C-8800-FC2EBA2B6D55}.Release|Any CPU.ActiveCfg = Release|Any CPU
		{50FB6E76-9092-468C-8800-FC2EBA2B6D55}.Release|Any CPU.Build.0 = Release|Any CPU
		{797AB334-F95C-482F-A3A4-F0D3EA8F127C}.Debug|Any CPU.ActiveCfg = Debug|Any CPU
		{797AB334-F95C-482F-A3A4-F0D3EA8F127C}.Debug|Any CPU.Build.0 = Debug|Any CPU
		{797AB334-F95C-482F-A3A4-F0D3EA8F127C}.Release|Any CPU.ActiveCfg = Release|Any CPU
		{797AB334-F95C-482F-A3A4-F0D3EA8F127C}.Release|Any CPU.Build.0 = Release|Any CPU
		{296C2537-07EA-4898-AF70-72C1D9A95700}.Debug|Any CPU.ActiveCfg = Debug|Any CPU
		{296C2537-07EA-4898-AF70-72C1D9A95700}.Debug|Any CPU.Build.0 = Debug|Any CPU
		{296C2537-07EA-4898-AF70-72C1D9A95700}.Release|Any CPU.ActiveCfg = Release|Any CPU
		{296C2537-07EA-4898-AF70-72C1D9A95700}.Release|Any CPU.Build.0 = Release|Any CPU
		{25725F4F-E275-4DDF-A0F0-49E37396314A}.Debug|Any CPU.ActiveCfg = Debug|Any CPU
		{25725F4F-E275-4DDF-A0F0-49E37396314A}.Debug|Any CPU.Build.0 = Debug|Any CPU
		{25725F4F-E275-4DDF-A0F0-49E37396314A}.Release|Any CPU.ActiveCfg = Release|Any CPU
		{25725F4F-E275-4DDF-A0F0-49E37396314A}.Release|Any CPU.Build.0 = Release|Any CPU
	EndGlobalSection
	GlobalSection(SolutionProperties) = preSolution
		HideSolutionNode = FALSE
	EndGlobalSection
EndGlobal
